{
  "object": {
    "pins": [
      {
        "package": "SPAlert",
        "repositoryURL": "https://github.com/ivanvorobei/SPAlert",
        "state": {
          "branch": "main",
          "revision": "1fe9ae6f90634fa7b6ccf7e0ac9a4390efde257c",
          "version": null
        }
      },
      {
        "package": "SparrowKit",
        "repositoryURL": "https://github.com/ivanvorobei/SparrowKit",
        "state": {
          "branch": "main",
          "revision": "be8adcf0d1f91f04eed460faee78852d15d75acc",
          "version": null
        }
      },
      {
        "package": "SPDiffable",
        "repositoryURL": "https://github.com/ivanvorobei/SPDiffable",
        "state": {
          "branch": "main",
          "revision": "d8bf7bb3280dfc98b8ddcf2b1dedd7dacbed1c97",
          "version": null
        }
      }
    ]
  },
  "version": 1
}
