{
  "object": {
    "pins": [
      {
        "package": "SPAlert",
        "repositoryURL": "https://github.com/ivanvorobei/SPAlert",
        "state": {
          "branch": "main",
          "revision": "5b8befb4ec26b3d598c9df32b2d58810c0e2b5b7",
          "version": null
        }
      },
      {
        "package": "SparrowKit",
        "repositoryURL": "https://github.com/ivanvorobei/SparrowKit",
        "state": {
          "branch": "main",
          "revision": "d1a2d489417f98620558da08ddcf44a9d53e58f3",
          "version": null
        }
      },
      {
        "package": "SPDiffable",
        "repositoryURL": "https://github.com/ivanvorobei/SPDiffable",
        "state": {
          "branch": "main",
          "revision": "884198fb29a339156b824483bc09e2b488d27e28",
          "version": null
        }
      }
    ]
  },
  "version": 1
}
